# This file was autogenerated by Stack.
# You should not edit this file by hand.
# For more information, please see the documentation at:
#   https://docs.haskellstack.org/en/stable/lock_files

packages:
- completed:
    size: 5641
    url: https://github.com/matsubara0507/dockwright/archive/2ef237c72815f070b7c299e8d142180ca073234d.tar.gz
    cabal-file:
      size: 2847
      sha256: 7220b5d46d93fc60fea9829c32743e62f3872d86510a93a7bc73ee096bbfdee8
    name: dockwright
    version: 0.1.0.0
    sha256: 09e415a914b9d96ecfb7e2a0dc7b4465627c29f8bfa2f0adacca39e822a3084a
    pantry-tree:
      size: 977
      sha256: 973e6954361cc2a1312314244324939c3978572ae650496cb9f0d626ae585d2a
  original:
    url: https://github.com/matsubara0507/dockwright/archive/2ef237c72815f070b7c299e8d142180ca073234d.tar.gz
snapshots:
- completed:
    size: 507599
    url: https://raw.githubusercontent.com/commercialhaskell/stackage-snapshots/master/lts/11/10.yaml
    sha256: ebbaab4c207d9e1a83ff9e92557f692e41b07aa19280819de1ebc73b7b46c5ee
  original: lts-11.10
